
Microsoft Visual Studio Solution File, Format Version 12.00
# Visual Studio Version 17
VisualStudioVersion = 17.1.32328.378
MinimumVisualStudioVersion = 10.0.40219.1
Project("{FAE04EC0-301F-11D3-BF4B-00C04F79EFBC}") = "Chess-CSharp", "Chess-CSharp.csproj", "{A24166C6-403C-4D1F-BF53-7F8E3F7A6486}"
EndProject
Global
	GlobalSection(SolutionConfigurationPlatforms) = preSolution
		Debug|Any CPU = Debug|Any CPU
		Release|Any CPU = Release|Any CPU
	EndGlobalSection
	GlobalSection(ProjectConfigurationPlatforms) = postSolution
		{A24166C6-403C-4D1F-BF53-7F8E3F7A6486}.Debug|Any CPU.ActiveCfg = Debug|Any CPU
		{A24166C6-403C-4D1F-BF53-7F8E3F7A6486}.Debug|Any CPU.Build.0 = Debug|Any CPU
		{A24166C6-403C-4D1F-BF53-7F8E3F7A6486}.Release|Any CPU.ActiveCfg = Release|Any CPU
		{A24166C6-403C-4D1F-BF53-7F8E3F7A6486}.Release|Any CPU.Build.0 = Release|Any CPU
	EndGlobalSection
	GlobalSection(SolutionProperties) = preSolution
		HideSolutionNode = FALSE
	EndGlobalSection
	GlobalSection(ExtensibilityGlobals) = postSolution
		SolutionGuid = {4652AC6F-B895-4014-92B7-14119AA0B74C}
	EndGlobalSection
EndGlobal
